# THIS IS AN AUTOGENERATED FILE. DO NOT EDIT THIS FILE DIRECTLY.
# yarn lockfile v1


"@babel/runtime@^7.0.0", "@babel/runtime@^7.12.0", "@babel/runtime@^7.3.1":
  version "7.22.3"
  resolved "https://registry.yarnpkg.com/@babel/runtime/-/runtime-7.22.3.tgz#0a7fce51d43adbf0f7b517a71f4c3aaca92ebcbb"
  integrity sha512-XsDuspWKLUsxwCp6r7EhsExHtYfbe5oAGQ19kqngTdCPUoPQzOPdUbD/pB9PJiwb2ptYKQDjSJT3R6dC+EPqfQ==
  dependencies:
    regenerator-runtime "^0.13.11"

"@deck.gl/aggregation-layers@8.9.18":
  version "8.9.18"
  resolved "https://registry.yarnpkg.com/@deck.gl/aggregation-layers/-/aggregation-layers-8.9.18.tgz#0cb97e2a22458146bc32ea36afee31a13c1f45e7"
  integrity sha512-9yyeUmb4jM4wdBHTHYOEP23fWPB2zWy/g/RbiifkzvGn1aTyCs45oDGPbq6YeaZ3rcepg6qn/Br4oaBAn6g6Qg==
  dependencies:
    "@luma.gl/constants" "^8.5.20"
    "@luma.gl/shadertools" "^8.5.20"
    "@math.gl/web-mercator" "^3.6.2"
    d3-hexbin "^0.2.1"

"@deck.gl/carto@8.9.18":
  version "8.9.18"
  resolved "https://registry.yarnpkg.com/@deck.gl/carto/-/carto-8.9.18.tgz#b5079c8d452ced2131920f13785ec031e2d6ca1c"
  integrity sha512-C2hDFdg6TnAmdkBGQ6c5gY9F0wkTxc/o/13QGTY3Zd5MFQMwImzb4Nzh32n0CIancaXXj9x39NdEv04+paX/Wg==
  dependencies:
    "@loaders.gl/gis" "^3.4.2"
    "@loaders.gl/loader-utils" "^3.4.2"
    "@loaders.gl/mvt" "^3.4.2"
    "@loaders.gl/tiles" "^3.4.2"
    "@luma.gl/constants" "^8.5.20"
    "@math.gl/web-mercator" "^3.6.2"
    cartocolor "^4.0.2"
    d3-array "^3.2.0"
    d3-color "^3.1.0"
    d3-format "^3.1.0"
    d3-scale "^4.0.0"
    h3-js "^3.7.0"
    moment-timezone "^0.5.33"
    pbf "^3.2.1"
    quadbin "^0.1.9"

"@deck.gl/core@8.9.18":
  version "8.9.18"
  resolved "https://registry.yarnpkg.com/@deck.gl/core/-/core-8.9.18.tgz#4a09defbc0f226a85c49864e2bbe324e2f9e43d5"
  integrity sha512-zliaY4ZHebPCfMVEN6lxWuKDN+iNRL3XQwCLRX9N6ZqzzNFUXTLs//Vasdj+x8v4qEAQCJBEngzFPa0BemtvOQ==
  dependencies:
    "@loaders.gl/core" "^3.4.2"
    "@loaders.gl/images" "^3.4.2"
    "@luma.gl/constants" "^8.5.20"
    "@luma.gl/core" "^8.5.20"
    "@luma.gl/webgl" "^8.5.20"
    "@math.gl/core" "^3.6.2"
    "@math.gl/sun" "^3.6.2"
    "@math.gl/web-mercator" "^3.6.2"
    "@probe.gl/env" "^3.5.0"
    "@probe.gl/log" "^3.5.0"
    "@probe.gl/stats" "^3.5.0"
    gl-matrix "^3.0.0"
    math.gl "^3.6.2"
    mjolnir.js "^2.7.0"

"@deck.gl/extensions@8.9.18":
  version "8.9.18"
  resolved "https://registry.yarnpkg.com/@deck.gl/extensions/-/extensions-8.9.18.tgz#899136199d9e14af052e29e3940dd01de49f0e1f"
  integrity sha512-Tyrea4UiOm7KQQGjaEcXvtT1OHDjQErhZEt9GJcZx4MIbF6g2RZkR/gsXcNPYq4/sPg7evRlspe43TUMKUjYZw==
  dependencies:
    "@luma.gl/shadertools" "^8.5.20"

"@deck.gl/geo-layers@8.9.18":
  version "8.9.18"
  resolved "https://registry.yarnpkg.com/@deck.gl/geo-layers/-/geo-layers-8.9.18.tgz#d4b2cec11a5491081d9a383c3db87bd92d2c0cb7"
  integrity sha512-vjOuMXK331JYvzdPUbMQK7DiPfYGXMuoFWtIAvmCihRg2Cw5nQspRTwIx7X2JxCQFYiKDmkq/4CRyE9Oz0X9Nw==
  dependencies:
    "@loaders.gl/3d-tiles" "^3.4.2"
    "@loaders.gl/gis" "^3.4.2"
    "@loaders.gl/loader-utils" "^3.4.2"
    "@loaders.gl/mvt" "^3.4.2"
    "@loaders.gl/schema" "^3.4.2"
    "@loaders.gl/terrain" "^3.4.2"
    "@loaders.gl/tiles" "^3.4.2"
    "@loaders.gl/wms" "^3.4.2"
    "@luma.gl/constants" "^8.5.20"
    "@luma.gl/experimental" "^8.5.20"
    "@math.gl/core" "^3.6.2"
    "@math.gl/culling" "^3.6.2"
    "@math.gl/web-mercator" "^3.6.2"
    "@types/geojson" "^7946.0.8"
    h3-js "^3.7.0"
    long "^3.2.0"

"@deck.gl/google-maps@8.9.18":
  version "8.9.18"
  resolved "https://registry.yarnpkg.com/@deck.gl/google-maps/-/google-maps-8.9.18.tgz#7c689af409e2ea95c10944eedabfd67079a40eed"
  integrity sha512-DGc0QeAJrRMI7aRBQq2i6bAEXVgGViUqUV6M5055rjK+ybtrhhQSwztzPYEFVJjqA0G6ITo7EeyjbBU0/7Nxww==

"@deck.gl/json@8.9.18":
  version "8.9.18"
  resolved "https://registry.yarnpkg.com/@deck.gl/json/-/json-8.9.18.tgz#7c494d3ebe3bb8f2bc8b307b5f5ef2520b59eca4"
  integrity sha512-ZkaNF+SFMVqrt8mCuuQ0hEWCzAkT10fLqs9hC8xZU4hIczoOJFvYkTWcPJAmWdKxU/ZjEZTdhuuyZHB7swDwfQ==
  dependencies:
    d3-dsv "^1.0.8"
    expression-eval "^2.0.0"

"@deck.gl/layers@8.9.18":
  version "8.9.18"
  resolved "https://registry.yarnpkg.com/@deck.gl/layers/-/layers-8.9.18.tgz#1222f2ec3a5e4151c76e5d7655906c2d86258a18"
  integrity sha512-O6X8ueTBp0r//47UeXCHXvr+TNKJPjdfmwQVzGSogFejOif1IVpU2hycIOJ5pMl/PdYs8uZK8VbZj7qYibsrMQ==
  dependencies:
    "@loaders.gl/images" "^3.4.2"
    "@loaders.gl/schema" "^3.4.2"
    "@luma.gl/constants" "^8.5.20"
    "@mapbox/tiny-sdf" "^2.0.5"
    "@math.gl/core" "^3.6.2"
    "@math.gl/polygon" "^3.6.2"
    "@math.gl/web-mercator" "^3.6.2"
    earcut "^2.2.4"

"@deck.gl/mapbox@8.9.18":
  version "8.9.18"
  resolved "https://registry.yarnpkg.com/@deck.gl/mapbox/-/mapbox-8.9.18.tgz#ba01c2842152d0aa8a149a17db7c1ac2af83d5bb"
  integrity sha512-zfcZqb7qI3NpHoMNXPQGCSpRFEdB1dQDkas87zSZeedF+U+iViqtjVywCps54T0hQFZMKwdhtbFUdSMELCiGLQ==
  dependencies:
    "@types/mapbox-gl" "^2.6.3"

"@deck.gl/mesh-layers@8.9.18":
  version "8.9.18"
  resolved "https://registry.yarnpkg.com/@deck.gl/mesh-layers/-/mesh-layers-8.9.18.tgz#c57262210773161d0ea0511625b4372892ca915c"
  integrity sha512-1/kH8T7q2UbpUzxrbTiDGA1g75W99Oiz3vvNpPz18W+qEyWMyrxIv80yIdT1s4DKe9uPIfiktNjdYPuhD6q9xw==
  dependencies:
    "@loaders.gl/gltf" "^3.4.2"
    "@luma.gl/constants" "^8.5.20"
    "@luma.gl/experimental" "^8.5.20"
    "@luma.gl/shadertools" "^8.5.20"

"@deck.gl/react@8.9.18":
  version "8.9.18"
  resolved "https://registry.yarnpkg.com/@deck.gl/react/-/react-8.9.18.tgz#404b6be119766da872a0511eeb12d1a78d3bfa20"
  integrity sha512-HpkZptmTGOKKoRmf3JQEuV2TvxtjeeKclRwQYe7c0mWfxVbVnfBKcKBYMC8cIyXF6ONgLjKXp3PN0iIoftu9gw==

"@esbuild/android-arm64@0.17.19":
  version "0.17.19"
  resolved "https://registry.yarnpkg.com/@esbuild/android-arm64/-/android-arm64-0.17.19.tgz#bafb75234a5d3d1b690e7c2956a599345e84a2fd"
  integrity sha512-KBMWvEZooR7+kzY0BtbTQn0OAYY7CsiydT63pVEaPtVYF0hXbUaOyZog37DKxK7NF3XacBJOpYT4adIJh+avxA==

"@esbuild/android-arm@0.17.19":
  version "0.17.19"
  resolved "https://registry.yarnpkg.com/@esbuild/android-arm/-/android-arm-0.17.19.tgz#5898f7832c2298bc7d0ab53701c57beb74d78b4d"
  integrity sha512-rIKddzqhmav7MSmoFCmDIb6e2W57geRsM94gV2l38fzhXMwq7hZoClug9USI2pFRGL06f4IOPHHpFNOkWieR8A==

"@esbuild/android-x64@0.17.19":
  version "0.17.19"
  resolved "https://registry.yarnpkg.com/@esbuild/android-x64/-/android-x64-0.17.19.tgz#658368ef92067866d95fb268719f98f363d13ae1"
  integrity sha512-uUTTc4xGNDT7YSArp/zbtmbhO0uEEK9/ETW29Wk1thYUJBz3IVnvgEiEwEa9IeLyvnpKrWK64Utw2bgUmDveww==

"@esbuild/darwin-arm64@0.17.19":
  version "0.17.19"
  resolved "https://registry.yarnpkg.com/@esbuild/darwin-arm64/-/darwin-arm64-0.17.19.tgz#584c34c5991b95d4d48d333300b1a4e2ff7be276"
  integrity sha512-80wEoCfF/hFKM6WE1FyBHc9SfUblloAWx6FJkFWTWiCoht9Mc0ARGEM47e67W9rI09YoUxJL68WHfDRYEAvOhg==

"@esbuild/darwin-x64@0.17.19":
  version "0.17.19"
  resolved "https://registry.yarnpkg.com/@esbuild/darwin-x64/-/darwin-x64-0.17.19.tgz#7751d236dfe6ce136cce343dce69f52d76b7f6cb"
  integrity sha512-IJM4JJsLhRYr9xdtLytPLSH9k/oxR3boaUIYiHkAawtwNOXKE8KoU8tMvryogdcT8AU+Bflmh81Xn6Q0vTZbQw==

"@esbuild/freebsd-arm64@0.17.19":
  version "0.17.19"
  resolved "https://registry.yarnpkg.com/@esbuild/freebsd-arm64/-/freebsd-arm64-0.17.19.tgz#cacd171665dd1d500f45c167d50c6b7e539d5fd2"
  integrity sha512-pBwbc7DufluUeGdjSU5Si+P3SoMF5DQ/F/UmTSb8HXO80ZEAJmrykPyzo1IfNbAoaqw48YRpv8shwd1NoI0jcQ==

"@esbuild/freebsd-x64@0.17.19":
  version "0.17.19"
  resolved "https://registry.yarnpkg.com/@esbuild/freebsd-x64/-/freebsd-x64-0.17.19.tgz#0769456eee2a08b8d925d7c00b79e861cb3162e4"
  integrity sha512-4lu+n8Wk0XlajEhbEffdy2xy53dpR06SlzvhGByyg36qJw6Kpfk7cp45DR/62aPH9mtJRmIyrXAS5UWBrJT6TQ==

"@esbuild/linux-arm64@0.17.19":
  version "0.17.19"
  resolved "https://registry.yarnpkg.com/@esbuild/linux-arm64/-/linux-arm64-0.17.19.tgz#38e162ecb723862c6be1c27d6389f48960b68edb"
  integrity sha512-ct1Tg3WGwd3P+oZYqic+YZF4snNl2bsnMKRkb3ozHmnM0dGWuxcPTTntAF6bOP0Sp4x0PjSF+4uHQ1xvxfRKqg==

"@esbuild/linux-arm@0.17.19":
  version "0.17.19"
  resolved "https://registry.yarnpkg.com/@esbuild/linux-arm/-/linux-arm-0.17.19.tgz#1a2cd399c50040184a805174a6d89097d9d1559a"
  integrity sha512-cdmT3KxjlOQ/gZ2cjfrQOtmhG4HJs6hhvm3mWSRDPtZ/lP5oe8FWceS10JaSJC13GBd4eH/haHnqf7hhGNLerA==

"@esbuild/linux-ia32@0.17.19":
  version "0.17.19"
  resolved "https://registry.yarnpkg.com/@esbuild/linux-ia32/-/linux-ia32-0.17.19.tgz#e28c25266b036ce1cabca3c30155222841dc035a"
  integrity sha512-w4IRhSy1VbsNxHRQpeGCHEmibqdTUx61Vc38APcsRbuVgK0OPEnQ0YD39Brymn96mOx48Y2laBQGqgZ0j9w6SQ==

"@esbuild/linux-loong64@0.17.19":
  version "0.17.19"
  resolved "https://registry.yarnpkg.com/@esbuild/linux-loong64/-/linux-loong64-0.17.19.tgz#0f887b8bb3f90658d1a0117283e55dbd4c9dcf72"
  integrity sha512-2iAngUbBPMq439a+z//gE+9WBldoMp1s5GWsUSgqHLzLJ9WoZLZhpwWuym0u0u/4XmZ3gpHmzV84PonE+9IIdQ==

"@esbuild/linux-mips64el@0.17.19":
  version "0.17.19"
  resolved "https://registry.yarnpkg.com/@esbuild/linux-mips64el/-/linux-mips64el-0.17.19.tgz#f5d2a0b8047ea9a5d9f592a178ea054053a70289"
  integrity sha512-LKJltc4LVdMKHsrFe4MGNPp0hqDFA1Wpt3jE1gEyM3nKUvOiO//9PheZZHfYRfYl6AwdTH4aTcXSqBerX0ml4A==

"@esbuild/linux-ppc64@0.17.19":
  version "0.17.19"
  resolved "https://registry.yarnpkg.com/@esbuild/linux-ppc64/-/linux-ppc64-0.17.19.tgz#876590e3acbd9fa7f57a2c7d86f83717dbbac8c7"
  integrity sha512-/c/DGybs95WXNS8y3Ti/ytqETiW7EU44MEKuCAcpPto3YjQbyK3IQVKfF6nbghD7EcLUGl0NbiL5Rt5DMhn5tg==

"@esbuild/linux-riscv64@0.17.19":
  version "0.17.19"
  resolved "https://registry.yarnpkg.com/@esbuild/linux-riscv64/-/linux-riscv64-0.17.19.tgz#7f49373df463cd9f41dc34f9b2262d771688bf09"
  integrity sha512-FC3nUAWhvFoutlhAkgHf8f5HwFWUL6bYdvLc/TTuxKlvLi3+pPzdZiFKSWz/PF30TB1K19SuCxDTI5KcqASJqA==

"@esbuild/linux-s390x@0.17.19":
  version "0.17.19"
  resolved "https://registry.yarnpkg.com/@esbuild/linux-s390x/-/linux-s390x-0.17.19.tgz#e2afd1afcaf63afe2c7d9ceacd28ec57c77f8829"
  integrity sha512-IbFsFbxMWLuKEbH+7sTkKzL6NJmG2vRyy6K7JJo55w+8xDk7RElYn6xvXtDW8HCfoKBFK69f3pgBJSUSQPr+4Q==

"@esbuild/linux-x64@0.17.19":
  version "0.17.19"
  resolved "https://registry.yarnpkg.com/@esbuild/linux-x64/-/linux-x64-0.17.19.tgz#8a0e9738b1635f0c53389e515ae83826dec22aa4"
  integrity sha512-68ngA9lg2H6zkZcyp22tsVt38mlhWde8l3eJLWkyLrp4HwMUr3c1s/M2t7+kHIhvMjglIBrFpncX1SzMckomGw==

"@esbuild/netbsd-x64@0.17.19":
  version "0.17.19"
  resolved "https://registry.yarnpkg.com/@esbuild/netbsd-x64/-/netbsd-x64-0.17.19.tgz#c29fb2453c6b7ddef9a35e2c18b37bda1ae5c462"
  integrity sha512-CwFq42rXCR8TYIjIfpXCbRX0rp1jo6cPIUPSaWwzbVI4aOfX96OXY8M6KNmtPcg7QjYeDmN+DD0Wp3LaBOLf4Q==

"@esbuild/openbsd-x64@0.17.19":
  version "0.17.19"
  resolved "https://registry.yarnpkg.com/@esbuild/openbsd-x64/-/openbsd-x64-0.17.19.tgz#95e75a391403cb10297280d524d66ce04c920691"
  integrity sha512-cnq5brJYrSZ2CF6c35eCmviIN3k3RczmHz8eYaVlNasVqsNY+JKohZU5MKmaOI+KkllCdzOKKdPs762VCPC20g==

"@esbuild/sunos-x64@0.17.19":
  version "0.17.19"
  resolved "https://registry.yarnpkg.com/@esbuild/sunos-x64/-/sunos-x64-0.17.19.tgz#722eaf057b83c2575937d3ffe5aeb16540da7273"
  integrity sha512-vCRT7yP3zX+bKWFeP/zdS6SqdWB8OIpaRq/mbXQxTGHnIxspRtigpkUcDMlSCOejlHowLqII7K2JKevwyRP2rg==

"@esbuild/win32-arm64@0.17.19":
  version "0.17.19"
  resolved "https://registry.yarnpkg.com/@esbuild/win32-arm64/-/win32-arm64-0.17.19.tgz#9aa9dc074399288bdcdd283443e9aeb6b9552b6f"
  integrity sha512-yYx+8jwowUstVdorcMdNlzklLYhPxjniHWFKgRqH7IFlUEa0Umu3KuYplf1HUZZ422e3NU9F4LGb+4O0Kdcaag==

"@esbuild/win32-ia32@0.17.19":
  version "0.17.19"
  resolved "https://registry.yarnpkg.com/@esbuild/win32-ia32/-/win32-ia32-0.17.19.tgz#95ad43c62ad62485e210f6299c7b2571e48d2b03"
  integrity sha512-eggDKanJszUtCdlVs0RB+h35wNlb5v4TWEkq4vZcmVt5u/HiDZrTXe2bWFQUez3RgNHwx/x4sk5++4NSSicKkw==

"@esbuild/win32-x64@0.17.19":
  version "0.17.19"
  resolved "https://registry.yarnpkg.com/@esbuild/win32-x64/-/win32-x64-0.17.19.tgz#8cfaf2ff603e9aabb910e9c0558c26cf32744061"
  integrity sha512-lAhycmKnVOuRYNtRtatQR1LPQf2oYCkRGkSFnseDAKPl8lu5SOsK/e1sXe5a0Pc5kHIHe6P2I/ilntNv2xf3cA==

"@loaders.gl/3d-tiles@^3.4.2":
  version "3.4.4"
  resolved "https://registry.yarnpkg.com/@loaders.gl/3d-tiles/-/3d-tiles-3.4.4.tgz#e80f930fd7c318add0ef9df0699c623611c6fec6"
  integrity sha512-o6z8h5541OYTQT546p1FJlMjiqFvTu29C6W9F9X3rPIUdnBirTpCubgpHcAw53AIDOrvlIxBKH/KDkqoxFIylQ==
  dependencies:
    "@loaders.gl/draco" "3.4.4"
    "@loaders.gl/gltf" "3.4.4"
    "@loaders.gl/loader-utils" "3.4.4"
    "@loaders.gl/math" "3.4.4"
    "@loaders.gl/tiles" "3.4.4"
    "@math.gl/core" "^3.5.1"
    "@math.gl/geospatial" "^3.5.1"
    long "^5.2.1"

"@loaders.gl/core@^3.4.2":
  version "3.4.4"
  resolved "https://registry.yarnpkg.com/@loaders.gl/core/-/core-3.4.4.tgz#65c182fcf9e7e6536ac7d27d87635a8721843a95"
  integrity sha512-uutqjvf91WJZx7WbSmJy75AHFNCPDnnweFnVmdAEflF6ohc+uAdjltqz6tGD3PxbT8LjNLTOk60kxyC/QwDBqQ==
  dependencies:
    "@babel/runtime" "^7.3.1"
    "@loaders.gl/loader-utils" "3.4.4"
    "@loaders.gl/worker-utils" "3.4.4"
    "@probe.gl/log" "^4.0.1"

"@loaders.gl/draco@3.4.4":
  version "3.4.4"
  resolved "https://registry.yarnpkg.com/@loaders.gl/draco/-/draco-3.4.4.tgz#cf2db51cf413a866363475da439382ef6878e579"
  integrity sha512-VtJffpDbcdA0/uJzzJIET3B5j96cz6g5f93Wg2tlGtvnKZvJs4bjyojur4p7u5ElHJARm36F91N7Td4jGvMbYw==
  dependencies:
    "@babel/runtime" "^7.3.1"
    "@loaders.gl/loader-utils" "3.4.4"
    "@loaders.gl/schema" "3.4.4"
    "@loaders.gl/worker-utils" "3.4.4"
    draco3d "1.5.5"

"@loaders.gl/gis@3.4.4", "@loaders.gl/gis@^3.4.2":
  version "3.4.4"
  resolved "https://registry.yarnpkg.com/@loaders.gl/gis/-/gis-3.4.4.tgz#74390f4271e26b0bcc83bbe5786947658c3093bd"
  integrity sha512-QwGOdpaE/jb1KsgHEkkiUD7C+dHWSDJKfMKM5OStIMPABX0Cxd8MSqyQ8+BOFWM7kdqXdMvgRjB9912R6T4AHQ==
  dependencies:
    "@loaders.gl/loader-utils" "3.4.4"
    "@loaders.gl/schema" "3.4.4"
    "@mapbox/vector-tile" "^1.3.1"
    "@math.gl/polygon" "^3.5.1"
    pbf "^3.2.1"

"@loaders.gl/gltf@3.4.4", "@loaders.gl/gltf@^3.4.2":
  version "3.4.4"
  resolved "https://registry.yarnpkg.com/@loaders.gl/gltf/-/gltf-3.4.4.tgz#9b68965432bebda85db05fd354cb348fab37f7a0"
  integrity sha512-8dbyZChWXku+OoL64rccFa60uxBhbRLdDelfCZqopRxwI/JF8ZCAEGuoFAftw84sU97JmfJbnCtcMMc8bebv4w==
  dependencies:
    "@loaders.gl/draco" "3.4.4"
    "@loaders.gl/images" "3.4.4"
    "@loaders.gl/loader-utils" "3.4.4"
    "@loaders.gl/textures" "3.4.4"
    "@math.gl/core" "^3.5.1"

"@loaders.gl/images@3.4.4", "@loaders.gl/images@^3.4.2":
  version "3.4.4"
  resolved "https://registry.yarnpkg.com/@loaders.gl/images/-/images-3.4.4.tgz#ce0d56caac49ebf63f76a6234f1df4a7b8c99441"
  integrity sha512-ViMh58oZ2GLsKCoYBH4nYMvi5fHeVZXiLAABVP+AVU54Jrf+PZYm8y8KaC22zBmGEZ15hGhJF/dNeOpgqZ+V4w==
  dependencies:
    "@loaders.gl/loader-utils" "3.4.4"

"@loaders.gl/loader-utils@3.4.4", "@loaders.gl/loader-utils@^3.4.2":
  version "3.4.4"
  resolved "https://registry.yarnpkg.com/@loaders.gl/loader-utils/-/loader-utils-3.4.4.tgz#06a9185e6b9a6457aaaf4f5526dca25c9021ff25"
  integrity sha512-EFY/YBniNyfZk0ojnBitl+xRL3Du8tinOwdFnWD0rVIf61+bFifFI0fJys8/tgrlF6sfiKdYbupow8G/a3xF2g==
  dependencies:
    "@babel/runtime" "^7.3.1"
    "@loaders.gl/worker-utils" "3.4.4"
    "@probe.gl/stats" "^4.0.1"

"@loaders.gl/math@3.4.4":
  version "3.4.4"
  resolved "https://registry.yarnpkg.com/@loaders.gl/math/-/math-3.4.4.tgz#4e427fdd1bd954b4667303df71ae21cbe1dacad3"
  integrity sha512-l5ZGV7gAznj0nFjfiKIP9qIrSKLLiaRvGC2pmbM4J+2A674Sj59WwoZiASYNevOlByjScIwyZWe62wcneuyIWw==
  dependencies:
    "@loaders.gl/images" "3.4.4"
    "@loaders.gl/loader-utils" "3.4.4"
    "@math.gl/core" "^3.5.1"

"@loaders.gl/mvt@^3.4.2":
  version "3.4.4"
  resolved "https://registry.yarnpkg.com/@loaders.gl/mvt/-/mvt-3.4.4.tgz#7c7559912ed3ef6e995e0baae20cc7c6b090375b"
  integrity sha512-qxGe+EmuaDlXBs/EeBFzIKipgv+YrAm2BlHzyxLOsdBVmay9q31OYCqdigVw3Fc5h30D65hOfBC6k1lKo4OUyw==
  dependencies:
    "@loaders.gl/gis" "3.4.4"
    "@loaders.gl/loader-utils" "3.4.4"
    "@loaders.gl/schema" "3.4.4"
    "@math.gl/polygon" "^3.5.1"
    pbf "^3.2.1"

"@loaders.gl/schema@3.4.4", "@loaders.gl/schema@^3.4.2":
  version "3.4.4"
  resolved "https://registry.yarnpkg.com/@loaders.gl/schema/-/schema-3.4.4.tgz#551c74a03a6d0f82913125bf2aca3254de67e0cb"
  integrity sha512-+lESS+cUSgXst9kxaW2LTxWMVMrT96cv0TWfsSryA11EVsxr50aSPWC+K0BHe7k60+80pQWEt4iyMRgVHM+6tg==
  dependencies:
    "@types/geojson" "^7946.0.7"

"@loaders.gl/terrain@^3.4.2":
  version "3.4.4"
  resolved "https://registry.yarnpkg.com/@loaders.gl/terrain/-/terrain-3.4.4.tgz#4af56000d7b0722a421282621ad3c625fc7142c4"
  integrity sha512-IXX9uBlhRaehKMkFBmIclbexygTkRtDXTGg1r5p+SOITTnt1QYCM2J2q49Fntpi19reyVl9n+DzA81Pb8YeNLg==
  dependencies:
    "@babel/runtime" "^7.3.1"
    "@loaders.gl/images" "3.4.4"
    "@loaders.gl/loader-utils" "3.4.4"
    "@loaders.gl/schema" "3.4.4"
    "@mapbox/martini" "^0.2.0"

"@loaders.gl/textures@3.4.4":
  version "3.4.4"
  resolved "https://registry.yarnpkg.com/@loaders.gl/textures/-/textures-3.4.4.tgz#9d5199ad49d4c2e30f21b170a717844dd143ffc0"
  integrity sha512-CD1CPKvXJy3TzzCq42xpwrpYdjimJ7bKf5GSwDs2+qx/fZDnmJBk9z/762VzXyUwTpgGFk3XzbEwkP6H4vkESg==
  dependencies:
    "@loaders.gl/images" "3.4.4"
    "@loaders.gl/loader-utils" "3.4.4"
    "@loaders.gl/schema" "3.4.4"
    "@loaders.gl/worker-utils" "3.4.4"
    ktx-parse "^0.0.4"
    texture-compressor "^1.0.2"

"@loaders.gl/tiles@3.4.4", "@loaders.gl/tiles@^3.4.2":
  version "3.4.4"
  resolved "https://registry.yarnpkg.com/@loaders.gl/tiles/-/tiles-3.4.4.tgz#8e0597a7cda501e4a1a6a35d6434f27407a487d3"
  integrity sha512-Z2doHX4+9RTDpQZJ2EHqxcwXxvqWkJoD8i4wh/DvSZgp9Ccot4L7wb907gHyYvDZ3lzQc0mx7LVcC6BBNvKS8w==
  dependencies:
    "@loaders.gl/loader-utils" "3.4.4"
    "@loaders.gl/math" "3.4.4"
    "@math.gl/core" "^3.5.1"
    "@math.gl/culling" "^3.5.1"
    "@math.gl/geospatial" "^3.5.1"
    "@math.gl/web-mercator" "^3.5.1"
    "@probe.gl/stats" "^4.0.1"

"@loaders.gl/wms@^3.4.2":
  version "3.4.4"
  resolved "https://registry.yarnpkg.com/@loaders.gl/wms/-/wms-3.4.4.tgz#447124ee599d3c45ca668f3aa36776f449b47108"
  integrity sha512-CVYldmVQq9rADw6ex5rLc0mrhqvq5LogUGQHAdRgU2HfpdLEVYjHOJuPzmZfDVQHMNw6a9QQBo54thjSQn5BbA==
  dependencies:
    "@babel/runtime" "^7.3.1"
    "@loaders.gl/images" "3.4.4"
    "@loaders.gl/loader-utils" "3.4.4"
    "@loaders.gl/schema" "3.4.4"
    "@loaders.gl/xml" "3.4.4"
    "@turf/rewind" "^5.1.5"
    deep-strict-equal "^0.2.0"
    lerc "^4.0.1"

"@loaders.gl/worker-utils@3.4.4":
  version "3.4.4"
  resolved "https://registry.yarnpkg.com/@loaders.gl/worker-utils/-/worker-utils-3.4.4.tgz#4447814e4746aa206771307429fd1174e720131e"
  integrity sha512-ltqMd+BsAk3QGPLycZODukL1wNyBEb04X6wpI3rC5NWByzwSippwWTW4g4QnS3Q9zgMFV4jR/YV6CRp/GiVzvQ==
  dependencies:
    "@babel/runtime" "^7.3.1"

"@loaders.gl/xml@3.4.4":
  version "3.4.4"
  resolved "https://registry.yarnpkg.com/@loaders.gl/xml/-/xml-3.4.4.tgz#e15b3bc25c2f60776ab2557752cb0981b98725ec"
  integrity sha512-y8idCKtyjVsIIpDDxZ8K53nLNJpzEffBadPNWfuhWWXCggOuQZhrnBWKnNrBu9GeO1ShYwrN8ea7GKdALl4fhA==
  dependencies:
    "@babel/runtime" "^7.3.1"
    "@loaders.gl/loader-utils" "3.4.4"
    "@loaders.gl/schema" "3.4.4"
    fast-xml-parser "^4.1.3"

"@luma.gl/constants@8.5.20", "@luma.gl/constants@^8.5.20":
  version "8.5.20"
  resolved "https://registry.yarnpkg.com/@luma.gl/constants/-/constants-8.5.20.tgz#91de116f68110fb28a000b59747d34d54bc06ab2"
  integrity sha512-5yG+ybkUZ4j6kLPWMZjN4Hun2yLB0MyEpNCRKAUN9/yS9UIWA7unyVxjSf2vnE7k/7dywtxlbXegASNFgNVGxw==

"@luma.gl/core@^8.5.20":
  version "8.5.20"
  resolved "https://registry.yarnpkg.com/@luma.gl/core/-/core-8.5.20.tgz#8b6cea7b5d7230e8b2848c310fc092af2c652571"
  integrity sha512-xJr96G6vhYcznYHC84fbeOG3fgNM4lFwj9bd0VPcg/Kfe8otUeN1Hl0AKHCCtNn48PiMSg3LKbaiRfNUMhaffQ==
  dependencies:
    "@babel/runtime" "^7.0.0"
    "@luma.gl/constants" "8.5.20"
    "@luma.gl/engine" "8.5.20"
    "@luma.gl/gltools" "8.5.20"
    "@luma.gl/shadertools" "8.5.20"
    "@luma.gl/webgl" "8.5.20"

"@luma.gl/engine@8.5.20":
  version "8.5.20"
  resolved "https://registry.yarnpkg.com/@luma.gl/engine/-/engine-8.5.20.tgz#5ef3fa7b69a3bcfeda5991ed9f1d75445cbfbf13"
  integrity sha512-+0ryJ/4gL1pWaEgZimY21jUPt1LYiO6Cqte8TNUprCfAHoAStsuzD7jwgEqnM6jJOUEdIxQ3w0z3Dzw/0KIE+w==
  dependencies:
    "@babel/runtime" "^7.0.0"
    "@luma.gl/constants" "8.5.20"
    "@luma.gl/gltools" "8.5.20"
    "@luma.gl/shadertools" "8.5.20"
    "@luma.gl/webgl" "8.5.20"
    "@math.gl/core" "^3.5.0"
    "@probe.gl/env" "^3.5.0"
    "@probe.gl/stats" "^3.5.0"
    "@types/offscreencanvas" "^2019.7.0"

"@luma.gl/experimental@^8.5.20":
  version "8.5.20"
  resolved "https://registry.yarnpkg.com/@luma.gl/experimental/-/experimental-8.5.20.tgz#1bb4c458eaadc81f357aead7b7d3067f7c665c94"
  integrity sha512-V1Jp68rYMPtwMdf+50r3NSYsGV3srjwZ+lcK2ew4DshjedDbYwLqTGMWcOyBhY3K3aCl2LH3Fhn0hAY+3NTLGA==
  dependencies:
    "@luma.gl/constants" "8.5.20"
    "@math.gl/core" "^3.5.0"
    earcut "^2.0.6"

"@luma.gl/gltools@8.5.20":
  version "8.5.20"
  resolved "https://registry.yarnpkg.com/@luma.gl/gltools/-/gltools-8.5.20.tgz#eb35b44b185a83e2e46f1a4f61b51661b95aaf32"
  integrity sha512-5pP6ph9FSX5gHiVWQM1DmYRUnriklzKUG9yaqlQsKEqCFsOcKB0EfK3MfBVXIfsOdP/1bJZ9Dlz/zV19soWVhg==
  dependencies:
    "@babel/runtime" "^7.0.0"
    "@luma.gl/constants" "8.5.20"
    "@probe.gl/env" "^3.5.0"
    "@probe.gl/log" "^3.5.0"
    "@types/offscreencanvas" "^2019.7.0"

"@luma.gl/shadertools@8.5.20", "@luma.gl/shadertools@^8.5.20":
  version "8.5.20"
  resolved "https://registry.yarnpkg.com/@luma.gl/shadertools/-/shadertools-8.5.20.tgz#ee09f3880acdd1599619dead3ca5fbe4116bb8b6"
  integrity sha512-q1lrCZy1ncIFb4mMjsYgISLzNP6eMnhLUY+Oltj/qjAMcPEssCeHN2+XGfP/CVtU+O7sC+5JY2bQGaTs6HQ/Qw==
  dependencies:
    "@babel/runtime" "^7.0.0"
    "@math.gl/core" "^3.5.0"

"@luma.gl/webgl@8.5.20", "@luma.gl/webgl@^8.5.20":
  version "8.5.20"
  resolved "https://registry.yarnpkg.com/@luma.gl/webgl/-/webgl-8.5.20.tgz#7eef0d695a2a62d0bbe57227c239930a4acf179f"
  integrity sha512-p/kt9KztywH4l+09XHoZ4cPFOoE7xlZXIBMT8rxRVgfe1w0lvi7QYh4tOG7gk+iixQ34EyDQacoHCsabdpmqQg==
  dependencies:
    "@babel/runtime" "^7.0.0"
    "@luma.gl/constants" "8.5.20"
    "@luma.gl/gltools" "8.5.20"
    "@probe.gl/env" "^3.5.0"
    "@probe.gl/stats" "^3.5.0"

"@mapbox/martini@^0.2.0":
  version "0.2.0"
  resolved "https://registry.yarnpkg.com/@mapbox/martini/-/martini-0.2.0.tgz#1af70211fbe994abf26e37f1388ca69c02cd43b4"
  integrity sha512-7hFhtkb0KTLEls+TRw/rWayq5EeHtTaErgm/NskVoXmtgAQu/9D299aeyj6mzAR/6XUnYRp2lU+4IcrYRFjVsQ==

"@mapbox/point-geometry@~0.1.0":
  version "0.1.0"
  resolved "https://registry.yarnpkg.com/@mapbox/point-geometry/-/point-geometry-0.1.0.tgz#8a83f9335c7860effa2eeeca254332aa0aeed8f2"
  integrity sha512-6j56HdLTwWGO0fJPlrZtdU/B13q8Uwmo18Ck2GnGgN9PCFyKTZ3UbXeEdRFh18i9XQ92eH2VdtpJHpBD3aripQ==

"@mapbox/tile-cover@3.0.1":
  version "3.0.1"
  resolved "https://registry.yarnpkg.com/@mapbox/tile-cover/-/tile-cover-3.0.1.tgz#ad0dbe69d02e4e9ff74bf228b3ee8fa533034210"
  integrity sha512-R8aoFY/87HWBOL9E2eBqzOY2lpfWYXCcTNgBpIxAv67rqQeD4IfnHD0iPXg/Z1cqXrklegEYZCp/7ZR/RsWqBQ==
  dependencies:
    tilebelt "^1.0.1"

"@mapbox/tiny-sdf@^2.0.5":
  version "2.0.6"
  resolved "https://registry.yarnpkg.com/@mapbox/tiny-sdf/-/tiny-sdf-2.0.6.tgz#9a1d33e5018093e88f6a4df2343e886056287282"
  integrity sha512-qMqa27TLw+ZQz5Jk+RcwZGH7BQf5G/TrutJhspsca/3SHwmgKQ1iq+d3Jxz5oysPVYTGP6aXxCo5Lk9Er6YBAA==

"@mapbox/vector-tile@^1.3.1":
  version "1.3.1"
  resolved "https://registry.yarnpkg.com/@mapbox/vector-tile/-/vector-tile-1.3.1.tgz#d3a74c90402d06e89ec66de49ec817ff53409666"
  integrity sha512-MCEddb8u44/xfQ3oD+Srl/tNcQoqTw3goGk2oLsrFxOTc3dUp+kAnby3PvAeeBYSMSjSPD1nd1AJA6W49WnoUw==
  dependencies:
    "@mapbox/point-geometry" "~0.1.0"

"@math.gl/core@3.6.3", "@math.gl/core@^3.5.0", "@math.gl/core@^3.5.1", "@math.gl/core@^3.6.2":
  version "3.6.3"
  resolved "https://registry.yarnpkg.com/@math.gl/core/-/core-3.6.3.tgz#a6bf796ed421093099749d609de8d99a3ac20a53"
  integrity sha512-jBABmDkj5uuuE0dTDmwwss7Cup5ZwQ6Qb7h1pgvtkEutTrhkcv8SuItQNXmF45494yIHeoGue08NlyeY6wxq2A==
  dependencies:
    "@babel/runtime" "^7.12.0"
    "@math.gl/types" "3.6.3"
    gl-matrix "^3.4.0"

"@math.gl/culling@^3.5.1", "@math.gl/culling@^3.6.2":
  version "3.6.3"
  resolved "https://registry.yarnpkg.com/@math.gl/culling/-/culling-3.6.3.tgz#91cdfa496748e8873a2e6261415a27a27b6af5f2"
  integrity sha512-3UERXHbaPlM6pnTk2MI7LeQ5CoelDZzDzghTTcv+HdQCZsT/EOEuEdYimETHtSxiyiOmsX2Un65UBLYT/rbKZg==
  dependencies:
    "@babel/runtime" "^7.12.0"
    "@math.gl/core" "3.6.3"
    gl-matrix "^3.4.0"

"@math.gl/geospatial@^3.5.1":
  version "3.6.3"
  resolved "https://registry.yarnpkg.com/@math.gl/geospatial/-/geospatial-3.6.3.tgz#011ebbe8d1660ff79020a81ed218886c353a62e1"
  integrity sha512-6xf657lJnaecSarSzn02t0cnsCSkWb+39m4+im96v20dZTrLCWZ2glDQVzfuL91meDnDXjH4oyvynp12Mj5MFg==
  dependencies:
    "@babel/runtime" "^7.12.0"
    "@math.gl/core" "3.6.3"
    gl-matrix "^3.4.0"

"@math.gl/polygon@^3.5.1", "@math.gl/polygon@^3.6.2":
  version "3.6.3"
  resolved "https://registry.yarnpkg.com/@math.gl/polygon/-/polygon-3.6.3.tgz#0c19c0b059cedde1cd760cc3796e9180f75bcbde"
  integrity sha512-FivQ1ZnYcAss1wVifOkHP/ZnlfQy1IL/769uzNtiHxwUbW0kZG3yyOZ9I7fwyzR5Hvqt3ErJKHjSYZr0uVlz5g==
  dependencies:
    "@math.gl/core" "3.6.3"

"@math.gl/sun@^3.6.2":
  version "3.6.3"
  resolved "https://registry.yarnpkg.com/@math.gl/sun/-/sun-3.6.3.tgz#30c15612313b56349c568f21f39c0e0f0e77b2df"
  integrity sha512-mrx6CGYYeTNSQttvcw0KVUy+35YDmnjMqpO/o0t06Vcghrt0HNruB/ScRgUSbJrgkbOg1Vcqm23HBd++clzQzw==
  dependencies:
    "@babel/runtime" "^7.12.0"

"@math.gl/types@3.6.3":
  version "3.6.3"
  resolved "https://registry.yarnpkg.com/@math.gl/types/-/types-3.6.3.tgz#9fa9866feabcbb76de107d78ff3a89c0243ac374"
  integrity sha512-3uWLVXHY3jQxsXCr/UCNPSc2BG0hNUljhmOBt9l+lNFDp7zHgm0cK2Tw4kj2XfkJy4TgwZTBGwRDQgWEbLbdTA==

"@math.gl/web-mercator@^3.5.1", "@math.gl/web-mercator@^3.6.2":
  version "3.6.3"
  resolved "https://registry.yarnpkg.com/@math.gl/web-mercator/-/web-mercator-3.6.3.tgz#ef91168e030eecffc788618d686e8a6c1d7a0bf8"
  integrity sha512-UVrkSOs02YLehKaehrxhAejYMurehIHPfFQvPFZmdJHglHOU4V2cCUApTVEwOksvCp161ypEqVp+9H6mGhTTcw==
  dependencies:
    "@babel/runtime" "^7.12.0"
    gl-matrix "^3.4.0"

"@probe.gl/env@3.6.0", "@probe.gl/env@^3.5.0":
  version "3.6.0"
  resolved "https://registry.yarnpkg.com/@probe.gl/env/-/env-3.6.0.tgz#33343fd9041a14d21374c1911826d4a2f9d9a35d"
  integrity sha512-4tTZYUg/8BICC3Yyb9rOeoKeijKbZHRXBEKObrfPmX4sQmYB15ZOUpoVBhAyJkOYVAM8EkPci6Uw5dLCwx2BEQ==
  dependencies:
    "@babel/runtime" "^7.0.0"

"@probe.gl/env@4.0.4":
  version "4.0.4"
  resolved "https://registry.yarnpkg.com/@probe.gl/env/-/env-4.0.4.tgz#ea4e7d16f143faaf1e863316c6ccfe68db8b66a4"
  integrity sha512-sYNGqesDfWD6dFP5oNZtTeFA4Z6ak5T4a8BNPdNhoqy7PK9w70JHrb6mv+RKWqKXq33KiwCDWL7fYxx2HuEH2w==
  dependencies:
    "@babel/runtime" "^7.0.0"

"@probe.gl/log@^3.5.0":
  version "3.6.0"
  resolved "https://registry.yarnpkg.com/@probe.gl/log/-/log-3.6.0.tgz#c645bfd22b4769dc65161caa17f13bd2b231e413"
  integrity sha512-hjpyenpEvOdowgZ1qMeCJxfRD4JkKdlXz0RC14m42Un62NtOT+GpWyKA4LssT0+xyLULCByRAtG2fzZorpIAcA==
  dependencies:
    "@babel/runtime" "^7.0.0"
    "@probe.gl/env" "3.6.0"

"@probe.gl/log@^4.0.1":
  version "4.0.4"
  resolved "https://registry.yarnpkg.com/@probe.gl/log/-/log-4.0.4.tgz#e42d1d0e22981c4010521c350cad2305bce02976"
  integrity sha512-WpmXl6njlBMwrm8HBh/b4kSp/xnY1VVmeT4PWUKF+RkVbFuKQbsU11dA1IxoMd7gSY+5DGIwxGfAv1H5OMzA4A==
  dependencies:
    "@babel/runtime" "^7.0.0"
    "@probe.gl/env" "4.0.4"

"@probe.gl/stats@^3.5.0":
  version "3.6.0"
  resolved "https://registry.yarnpkg.com/@probe.gl/stats/-/stats-3.6.0.tgz#a1bb12860fa6f40b9c028f9eb575d7ada0b4dbdd"
  integrity sha512-JdALQXB44OP4kUBN/UrQgzbJe4qokbVF4Y8lkIA8iVCFnjVowWIgkD/z/0QO65yELT54tTrtepw1jScjKB+rhQ==
  dependencies:
    "@babel/runtime" "^7.0.0"

"@probe.gl/stats@^4.0.1":
  version "4.0.4"
  resolved "https://registry.yarnpkg.com/@probe.gl/stats/-/stats-4.0.4.tgz#b33a47bf192951d0789dfd2044b295c3709386bd"
  integrity sha512-SDuSY/D4yDL6LQDa69l/GCcnZLRiGYdyvYkxWb0CgnzTPdPrcdrzGkzkvpC3zsA4fEFw2smlDje370QGHwlisg==
  dependencies:
    "@babel/runtime" "^7.0.0"

"@turf/boolean-clockwise@^5.1.5":
  version "5.1.5"
  resolved "https://registry.yarnpkg.com/@turf/boolean-clockwise/-/boolean-clockwise-5.1.5.tgz#3302b7dac62c5e291a0789e29af7283387fa9deb"
  integrity sha512-FqbmEEOJ4rU4/2t7FKx0HUWmjFEVqR+NJrFP7ymGSjja2SQ7Q91nnBihGuT+yuHHl6ElMjQ3ttsB/eTmyCycxA==
  dependencies:
    "@turf/helpers" "^5.1.5"
    "@turf/invariant" "^5.1.5"

"@turf/clone@^5.1.5":
  version "5.1.5"
  resolved "https://registry.yarnpkg.com/@turf/clone/-/clone-5.1.5.tgz#253e8d35477181976e33adfab50a0f02a7f0e367"
  integrity sha512-//pITsQ8xUdcQ9pVb4JqXiSqG4dos5Q9N4sYFoWghX21tfOV2dhc5TGqYOhnHrQS7RiKQL1vQ48kIK34gQ5oRg==
  dependencies:
    "@turf/helpers" "^5.1.5"

"@turf/helpers@^5.1.5":
  version "5.1.5"
  resolved "https://registry.yarnpkg.com/@turf/helpers/-/helpers-5.1.5.tgz#153405227ab933d004a5bb9641a9ed999fcbe0cf"
  integrity sha512-/lF+JR+qNDHZ8bF9d+Cp58nxtZWJ3sqFe6n3u3Vpj+/0cqkjk4nXKYBSY0azm+GIYB5mWKxUXvuP/m0ZnKj1bw==

"@turf/invariant@^5.1.5":
  version "5.2.0"
  resolved "https://registry.yarnpkg.com/@turf/invariant/-/invariant-5.2.0.tgz#f0150ff7290b38577b73d088b7932c1ee0aa90a7"
  integrity sha512-28RCBGvCYsajVkw2EydpzLdcYyhSA77LovuOvgCJplJWaNVyJYH6BOR3HR9w50MEkPqb/Vc/jdo6I6ermlRtQA==
  dependencies:
    "@turf/helpers" "^5.1.5"

"@turf/meta@^5.1.5":
  version "5.2.0"
  resolved "https://registry.yarnpkg.com/@turf/meta/-/meta-5.2.0.tgz#3b1ad485ee0c3b0b1775132a32c384d53e4ba53d"
  integrity sha512-ZjQ3Ii62X9FjnK4hhdsbT+64AYRpaI8XMBMcyftEOGSmPMUVnkbvuv3C9geuElAXfQU7Zk1oWGOcrGOD9zr78Q==
  dependencies:
    "@turf/helpers" "^5.1.5"

"@turf/rewind@^5.1.5":
  version "5.1.5"
  resolved "https://registry.yarnpkg.com/@turf/rewind/-/rewind-5.1.5.tgz#9ea3db4a68b73c1fd1dd11f57631b143cfefa1c9"
  integrity sha512-Gdem7JXNu+G4hMllQHXRFRihJl3+pNl7qY+l4qhQFxq+hiU1cQoVFnyoleIqWKIrdK/i2YubaSwc3SCM7N5mMw==
  dependencies:
    "@turf/boolean-clockwise" "^5.1.5"
    "@turf/clone" "^5.1.5"
    "@turf/helpers" "^5.1.5"
    "@turf/invariant" "^5.1.5"
    "@turf/meta" "^5.1.5"

"@types/geojson@*", "@types/geojson@^7946.0.7", "@types/geojson@^7946.0.8":
  version "7946.0.10"
  resolved "https://registry.yarnpkg.com/@types/geojson/-/geojson-7946.0.10.tgz#6dfbf5ea17142f7f9a043809f1cd4c448cb68249"
  integrity sha512-Nmh0K3iWQJzniTuPRcJn5hxXkfB1T1pgB89SBig5PlJQU5yocazeu4jATJlaA0GYFKWMqDdvYemoSnF2pXgLVA==

"@types/hammerjs@^2.0.41":
  version "2.0.41"
  resolved "https://registry.yarnpkg.com/@types/hammerjs/-/hammerjs-2.0.41.tgz#f6ecf57d1b12d2befcce00e928a6a097c22980aa"
  integrity sha512-ewXv/ceBaJprikMcxCmWU1FKyMAQ2X7a9Gtmzw8fcg2kIePI1crERDM818W+XYrxqdBBOdlf2rm137bU+BltCA==

"@types/mapbox-gl@^2.6.3":
  version "2.7.11"
  resolved "https://registry.yarnpkg.com/@types/mapbox-gl/-/mapbox-gl-2.7.11.tgz#c9b9ed2ed24970aeef947609fdfcfcf826a3aa49"
  integrity sha512-4vSwPSTQIawZTFRiTY2R74aZwAiM9gE6KGj871xdyAPpa+DmEObXxQQXqL2PsMH31/rP9nxJ2Kv0boeTVJMXVw==
  dependencies:
    "@types/geojson" "*"

"@types/offscreencanvas@^2019.7.0":
  version "2019.7.0"
  resolved "https://registry.yarnpkg.com/@types/offscreencanvas/-/offscreencanvas-2019.7.0.tgz#e4a932069db47bb3eabeb0b305502d01586fa90d"
  integrity sha512-PGcyveRIpL1XIqK8eBsmRBt76eFgtzuPiSTyKHZxnGemp2yzGzWpjYKAfK3wIMiU7eH+851yEpiuP8JZerTmWg==

argparse@^1.0.10:
  version "1.0.10"
  resolved "https://registry.yarnpkg.com/argparse/-/argparse-1.0.10.tgz#bcd6791ea5ae09725e17e5ad988134cd40b3d911"
  integrity sha512-o5Roy6tNG4SL/FOkCAN6RzjiakZS25RLYFrcMttJqbdd8BWrnA+fGz57iN5Pb06pvBGvl5gQ0B48dJlslXvoTg==
  dependencies:
    sprintf-js "~1.0.2"

buf-compare@^1.0.0:
  version "1.0.1"
  resolved "https://registry.yarnpkg.com/buf-compare/-/buf-compare-1.0.1.tgz#fef28da8b8113a0a0db4430b0b6467b69730b34a"
  integrity sha512-Bvx4xH00qweepGc43xFvMs5BKASXTbHaHm6+kDYIK9p/4iFwjATQkmPKHQSgJZzKbAymhztRbXUf1Nqhzl73/Q==

cartocolor@^4.0.2:
  version "4.0.2"
  resolved "https://registry.yarnpkg.com/cartocolor/-/cartocolor-4.0.2.tgz#ef1aa12860f6eeedc8d2420e2b9d7337937c4993"
  integrity sha512-+Gh9mb6lFxsDOLQlBLPxAHCnWXlg2W8q3AcVwqRcy95TdBbcOU89Wrb6h2Hd/6Ww1Kc1pzXmUdpnWD+xeCG0dg==
  dependencies:
    colorbrewer "1.0.0"

colorbrewer@1.0.0:
  version "1.0.0"
  resolved "https://registry.yarnpkg.com/colorbrewer/-/colorbrewer-1.0.0.tgz#4f97333b969ba7612382be4bc3394b341fb4c8a2"
  integrity sha512-NZuIOVdErK/C6jDH3jWT/roxWJbJAinMiqEpbuWniKvQAoWdg6lGra3pPrSHvaIf8PlX8wLs/RAC6nULFJbgmg==

commander@2:
  version "2.20.3"
  resolved "https://registry.yarnpkg.com/commander/-/commander-2.20.3.tgz#fd485e84c03eb4881c20722ba48035e8531aeb33"
  integrity sha512-GpVkmM8vF2vQUkj2LvZmD35JxeJOLCwJ9cUkugyk2nuhbv3+mJvpLYYt+0+USMxE+oj+ey/lJEnhZw75x/OMcQ==

core-assert@^0.2.0:
  version "0.2.1"
  resolved "https://registry.yarnpkg.com/core-assert/-/core-assert-0.2.1.tgz#f85e2cf9bfed28f773cc8b3fa5c5b69bdc02fe3f"
  integrity sha512-IG97qShIP+nrJCXMCgkNZgH7jZQ4n8RpPyPeXX++T6avR/KhLhgLiHKoEn5Rc1KjfycSfA9DMa6m+4C4eguHhw==
  dependencies:
    buf-compare "^1.0.0"
    is-error "^2.2.0"

"d3-array@2 - 3", "d3-array@2.10.0 - 3", d3-array@^3.2.0:
  version "3.2.4"
  resolved "https://registry.yarnpkg.com/d3-array/-/d3-array-3.2.4.tgz#15fec33b237f97ac5d7c986dc77da273a8ed0bb5"
  integrity sha512-tdQAmyA18i4J7wprpYq8ClcxZy3SC31QMeByyCFyRt7BVHdREQZ5lpzoe5mFEYZUWe+oq8HBvk9JjpibyEV4Jg==
  dependencies:
    internmap "1 - 2"

"d3-color@1 - 3", d3-color@^3.1.0:
  version "3.1.0"
  resolved "https://registry.yarnpkg.com/d3-color/-/d3-color-3.1.0.tgz#395b2833dfac71507f12ac2f7af23bf819de24e2"
  integrity sha512-zg/chbXyeBtMQ1LbD/WSoW2DpC3I0mpmPdW+ynRTj/x2DAWYrIY7qeZIHidozwV24m4iavr15lNwIwLxRmOxhA==

d3-dsv@^1.0.8:
  version "1.2.0"
  resolved "https://registry.yarnpkg.com/d3-dsv/-/d3-dsv-1.2.0.tgz#9d5f75c3a5f8abd611f74d3f5847b0d4338b885c"
  integrity sha512-9yVlqvZcSOMhCYzniHE7EVUws7Fa1zgw+/EAV2BxJoG3ME19V6BQFBwI855XQDsxyOuG7NibqRMTtiF/Qup46g==
  dependencies:
    commander "2"
    iconv-lite "0.4"
    rw "1"

"d3-format@1 - 3", d3-format@^3.1.0:
  version "3.1.0"
  resolved "https://registry.yarnpkg.com/d3-format/-/d3-format-3.1.0.tgz#9260e23a28ea5cb109e93b21a06e24e2ebd55641"
  integrity sha512-YyUI6AEuY/Wpt8KWLgZHsIU86atmikuoOmCfommt0LYHiQSPjvX2AcFc38PX0CBpr2RCyZhjex+NS/LPOv6YqA==

d3-hexbin@^0.2.1:
  version "0.2.2"
  resolved "https://registry.yarnpkg.com/d3-hexbin/-/d3-hexbin-0.2.2.tgz#9c5837dacfd471ab05337a9e91ef10bfc4f98831"
  integrity sha512-KS3fUT2ReD4RlGCjvCEm1RgMtp2NFZumdMu4DBzQK8AZv3fXRM6Xm8I4fSU07UXvH4xxg03NwWKWdvxfS/yc4w==

"d3-interpolate@1.2.0 - 3":
  version "3.0.1"
  resolved "https://registry.yarnpkg.com/d3-interpolate/-/d3-interpolate-3.0.1.tgz#3c47aa5b32c5b3dfb56ef3fd4342078a632b400d"
  integrity sha512-3bYs1rOD33uo8aqJfKP3JWPAibgw8Zm2+L9vBKEHJ2Rg+viTR7o5Mmv5mZcieN+FRYaAOWX5SJATX6k1PWz72g==
  dependencies:
    d3-color "1 - 3"

d3-scale@^4.0.0:
  version "4.0.2"
  resolved "https://registry.yarnpkg.com/d3-scale/-/d3-scale-4.0.2.tgz#82b38e8e8ff7080764f8dcec77bd4be393689396"
  integrity sha512-GZW464g1SH7ag3Y7hXjf8RoUuAFIqklOAq3MRl4OaWabTFJY9PN/E1YklhXLh+OQ3fM9yS2nOkCoS+WLZ6kvxQ==
  dependencies:
    d3-array "2.10.0 - 3"
    d3-format "1 - 3"
    d3-interpolate "1.2.0 - 3"
    d3-time "2.1.1 - 3"
    d3-time-format "2 - 4"

"d3-time-format@2 - 4":
  version "4.1.0"
  resolved "https://registry.yarnpkg.com/d3-time-format/-/d3-time-format-4.1.0.tgz#7ab5257a5041d11ecb4fe70a5c7d16a195bb408a"
  integrity sha512-dJxPBlzC7NugB2PDLwo9Q8JiTR3M3e4/XANkreKSUxF8vvXKqm1Yfq4Q5dl8budlunRVlUUaDUgFt7eA8D6NLg==
  dependencies:
    d3-time "1 - 3"

"d3-time@1 - 3", "d3-time@2.1.1 - 3":
  version "3.1.0"
  resolved "https://registry.yarnpkg.com/d3-time/-/d3-time-3.1.0.tgz#9310db56e992e3c0175e1ef385e545e48a9bb5c7"
  integrity sha512-VqKjzBLejbSMT4IgbmVgDjpkYrNWUYJnbCGo874u7MMKIWsILRX+OpX/gTk8MqjpT1A/c6HY2dCA77ZN0lkQ2Q==
  dependencies:
    d3-array "2 - 3"

deck.gl@^8.9.18:
  version "8.9.18"
  resolved "https://registry.yarnpkg.com/deck.gl/-/deck.gl-8.9.18.tgz#ee27a600c74c98e161642371520343a7ef25de3e"
  integrity sha512-YHSq5wfxG8ZTZkGK1KK87Akny8SK1lhbkazbUgMRhB12kI8oUuu04NXfWo8ItbIRiWM7nP3AqAiWgEbZMnDCmA==
  dependencies:
    "@deck.gl/aggregation-layers" "8.9.18"
    "@deck.gl/carto" "8.9.18"
    "@deck.gl/core" "8.9.18"
    "@deck.gl/extensions" "8.9.18"
    "@deck.gl/geo-layers" "8.9.18"
    "@deck.gl/google-maps" "8.9.18"
    "@deck.gl/json" "8.9.18"
    "@deck.gl/layers" "8.9.18"
    "@deck.gl/mapbox" "8.9.18"
    "@deck.gl/mesh-layers" "8.9.18"
    "@deck.gl/react" "8.9.18"

deep-strict-equal@^0.2.0:
  version "0.2.0"
  resolved "https://registry.yarnpkg.com/deep-strict-equal/-/deep-strict-equal-0.2.0.tgz#4a078147a8ab57f6a0d4f5547243cd22f44eb4e4"
  integrity sha512-3daSWyvZ/zwJvuMGlzG1O+Ow0YSadGfb3jsh9xoCutv2tWyB9dA4YvR9L9/fSdDZa2dByYQe+TqapSGUrjnkoA==
  dependencies:
    core-assert "^0.2.0"

draco3d@1.5.5:
  version "1.5.5"
  resolved "https://registry.yarnpkg.com/draco3d/-/draco3d-1.5.5.tgz#6bf4bbdd65950e6153e991cb0dcb8a10323f610e"
  integrity sha512-JVuNV0EJzD3LBYhGyIXJLeBID/EVtmFO1ZNhAYflTgiMiAJlbhXQmRRda/azjc8MRVMHh0gqGhiqHUo5dIXM8Q==

earcut@^2.0.6, earcut@^2.2.4:
  version "2.2.4"
  resolved "https://registry.yarnpkg.com/earcut/-/earcut-2.2.4.tgz#6d02fd4d68160c114825d06890a92ecaae60343a"
  integrity sha512-/pjZsA1b4RPHbeWZQn66SWS8nZZWLQQ23oE3Eam7aroEFGEvwKAsJfZ9ytiEMycfzXWpca4FA9QIOehf7PocBQ==

esbuild@^0.17.5:
  version "0.17.19"
  resolved "https://registry.yarnpkg.com/esbuild/-/esbuild-0.17.19.tgz#087a727e98299f0462a3d0bcdd9cd7ff100bd955"
  integrity sha512-XQ0jAPFkK/u3LcVRcvVHQcTIqD6E2H1fvZMA5dQPSOWb3suUbWbfbRf94pjc0bNzRYLfIrDRQXr7X+LHIm5oHw==
  optionalDependencies:
    "@esbuild/android-arm" "0.17.19"
    "@esbuild/android-arm64" "0.17.19"
    "@esbuild/android-x64" "0.17.19"
    "@esbuild/darwin-arm64" "0.17.19"
    "@esbuild/darwin-x64" "0.17.19"
    "@esbuild/freebsd-arm64" "0.17.19"
    "@esbuild/freebsd-x64" "0.17.19"
    "@esbuild/linux-arm" "0.17.19"
    "@esbuild/linux-arm64" "0.17.19"
    "@esbuild/linux-ia32" "0.17.19"
    "@esbuild/linux-loong64" "0.17.19"
    "@esbuild/linux-mips64el" "0.17.19"
    "@esbuild/linux-ppc64" "0.17.19"
    "@esbuild/linux-riscv64" "0.17.19"
    "@esbuild/linux-s390x" "0.17.19"
    "@esbuild/linux-x64" "0.17.19"
    "@esbuild/netbsd-x64" "0.17.19"
    "@esbuild/openbsd-x64" "0.17.19"
    "@esbuild/sunos-x64" "0.17.19"
    "@esbuild/win32-arm64" "0.17.19"
    "@esbuild/win32-ia32" "0.17.19"
    "@esbuild/win32-x64" "0.17.19"

expression-eval@^2.0.0:
  version "2.1.0"
  resolved "https://registry.yarnpkg.com/expression-eval/-/expression-eval-2.1.0.tgz#422915caa46140a7c5b5f248650dea8bf8236e62"
  integrity sha512-FUJO/Akvl/JOWkvlqZaqbkhsEWlCJWDeZG4tzX96UH68D9FeRgYgtb55C2qtqbORC0Q6x5419EDjWu4IT9kQfg==
  dependencies:
    jsep "^0.3.0"

fast-xml-parser@^4.1.3:
  version "4.2.2"
  resolved "https://registry.yarnpkg.com/fast-xml-parser/-/fast-xml-parser-4.2.2.tgz#cb7310d1e9cf42d22c687b0fae41f3c926629368"
  integrity sha512-DLzIPtQqmvmdq3VUKR7T6omPK/VCRNqgFlGtbESfyhcH2R4I8EzK1/K6E8PkRCK2EabWrUHK32NjYRbEFnnz0Q==
  dependencies:
    strnum "^1.0.5"

fsevents@~2.3.2:
  version "2.3.2"
  resolved "https://registry.yarnpkg.com/fsevents/-/fsevents-2.3.2.tgz#8a526f78b8fdf4623b709e0b975c52c24c02fd1a"
  integrity sha512-xiqMQR4xAeHTuB9uWm+fFRcIOgKBMiOBP+eXiyT7jsgVCq1bkVygt00oASowB7EdtpOHaaPgKt812P9ab+DDKA==

gl-matrix@^3.0.0, gl-matrix@^3.4.0:
  version "3.4.3"
  resolved "https://registry.yarnpkg.com/gl-matrix/-/gl-matrix-3.4.3.tgz#fc1191e8320009fd4d20e9339595c6041ddc22c9"
  integrity sha512-wcCp8vu8FT22BnvKVPjXa/ICBWRq/zjFfdofZy1WSpQZpphblv12/bOQLBC1rMM7SGOFS9ltVmKOHil5+Ml7gA==

h3-js@^3.7.0:
  version "3.7.2"
  resolved "https://registry.yarnpkg.com/h3-js/-/h3-js-3.7.2.tgz#61d4feb7bb42868ca9cdb2d5cf9d9dda94f9e5a3"
  integrity sha512-LPjlHSwB9zQZrMqKloCZmmmt3yZzIK7nqPcXqwU93zT3TtYG6jP4tZBzAPouxut7lLjdFbMQ75wRBiKfpsnY7w==

hammerjs@^2.0.8:
  version "2.0.8"
  resolved "https://registry.yarnpkg.com/hammerjs/-/hammerjs-2.0.8.tgz#04ef77862cff2bb79d30f7692095930222bf60f1"
  integrity sha512-tSQXBXS/MWQOn/RKckawJ61vvsDpCom87JgxiYdGwHdOa0ht0vzUWDlfioofFCRU0L+6NGDt6XzbgoJvZkMeRQ==

iconv-lite@0.4:
  version "0.4.24"
  resolved "https://registry.yarnpkg.com/iconv-lite/-/iconv-lite-0.4.24.tgz#2022b4b25fbddc21d2f524974a474aafe733908b"
  integrity sha512-v3MXnZAcvnywkTUEZomIActle7RXXeedOR31wwl7VlyoXO4Qi9arvSenNQWne1TcRwhCL1HwLI21bEqdpj8/rA==
  dependencies:
    safer-buffer ">= 2.1.2 < 3"

ieee754@^1.1.12:
  version "1.2.1"
  resolved "https://registry.yarnpkg.com/ieee754/-/ieee754-1.2.1.tgz#8eb7a10a63fff25d15a57b001586d177d1b0d352"
  integrity sha512-dcyqhDvX1C46lXZcVqCpK+FtMRQVdIMN6/Df5js2zouUsqG7I6sFxitIC+7KYK29KdXOLHdu9zL4sFnoVQnqaA==

image-size@^0.7.4:
  version "0.7.5"
  resolved "https://registry.yarnpkg.com/image-size/-/image-size-0.7.5.tgz#269f357cf5797cb44683dfa99790e54c705ead04"
  integrity sha512-Hiyv+mXHfFEP7LzUL/llg9RwFxxY+o9N3JVLIeG5E7iFIFAalxvRU9UZthBdYDEVnzHMgjnKJPPpay5BWf1g9g==

"internmap@1 - 2":
  version "2.0.3"
  resolved "https://registry.yarnpkg.com/internmap/-/internmap-2.0.3.tgz#6685f23755e43c524e251d29cbc97248e3061009"
  integrity sha512-5Hh7Y1wQbvY5ooGgPbDaL5iYLAPzMTUrjMulskHLH6wnv/A+1q5rgEaiuqEjB+oxGXIVZs1FF+R/KPN3ZSQYYg==

is-error@^2.2.0:
  version "2.2.2"
  resolved "https://registry.yarnpkg.com/is-error/-/is-error-2.2.2.tgz#c10ade187b3c93510c5470a5567833ee25649843"
  integrity sha512-IOQqts/aHWbiisY5DuPJQ0gcbvaLFCa7fBa9xoLfxBZvQ+ZI/Zh9xoI7Gk+G64N0FdK4AbibytHht2tWgpJWLg==

jsep@^0.3.0:
  version "0.3.5"
  resolved "https://registry.yarnpkg.com/jsep/-/jsep-0.3.5.tgz#3fd79ebd92f6f434e4857d5272aaeef7d948264d"
  integrity sha512-AoRLBDc6JNnKjNcmonituEABS5bcfqDhQAWWXNTFrqu6nVXBpBAGfcoTGZMFlIrh9FjmE1CQyX9CTNwZrXMMDA==

ktx-parse@^0.0.4:
  version "0.0.4"
  resolved "https://registry.yarnpkg.com/ktx-parse/-/ktx-parse-0.0.4.tgz#6fd3eca82490de8a1e48cb8367a9980451fa1ac4"
  integrity sha512-LY3nrmfXl+wZZdPxgJ3ZmLvG+wkOZZP3/dr4RbQj1Pk3Qwz44esOOSFFVQJcNWpXAtiNIC66WgXufX/SYgYz6A==

lerc@^4.0.1:
  version "4.0.1"
  resolved "https://registry.yarnpkg.com/lerc/-/lerc-4.0.1.tgz#a7cc8d4d8e16320d3888fdc743320bdf29c54f2b"
  integrity sha512-b351eOjY3DKm1H2hDVhXswsd2RCK6bgREBK6Z639ctClOuYXTi9a44l8yO3zm1pYM2o4WrriloTAKgyrb/0EyA==

long@^3.2.0:
  version "3.2.0"
  resolved "https://registry.yarnpkg.com/long/-/long-3.2.0.tgz#d821b7138ca1cb581c172990ef14db200b5c474b"
  integrity sha512-ZYvPPOMqUwPoDsbJaR10iQJYnMuZhRTvHYl62ErLIEX7RgFlziSBUUvrt3OVfc47QlHHpzPZYP17g3Fv7oeJkg==

long@^5.2.1:
  version "5.2.3"
  resolved "https://registry.yarnpkg.com/long/-/long-5.2.3.tgz#a3ba97f3877cf1d778eccbcb048525ebb77499e1"
  integrity sha512-lcHwpNoggQTObv5apGNCTdJrO69eHOZMi4BNC+rTLER8iHAqGrUVeLh/irVIM7zTw2bOXA8T6uNPeujwOLg/2Q==

math.gl@^3.6.2:
  version "3.6.3"
  resolved "https://registry.yarnpkg.com/math.gl/-/math.gl-3.6.3.tgz#f87e0d24cb33c1a215185ae3a4e16839f1ce6db2"
  integrity sha512-Yq9CyECvSDox9+5ETi2+x1bGTY5WvGUGL3rJfC4KPoCZAM51MGfrCm6rIn4yOJUVfMPs2a5RwMD+yGS/n1g3gg==
  dependencies:
    "@math.gl/core" "3.6.3"

mjolnir.js@^2.7.0:
  version "2.7.1"
  resolved "https://registry.yarnpkg.com/mjolnir.js/-/mjolnir.js-2.7.1.tgz#4e12590fe168b377c9c669b9c31aa5a62f8b8460"
  integrity sha512-72BeUWgTv2cj5aZQKpwL8caNUFhXZ9bDm1hxpNj70XJQ62IBnTZmtv/WPxJvtaVNhzNo+D2U8O6ryNI0zImYcw==
  dependencies:
    "@types/hammerjs" "^2.0.41"
    hammerjs "^2.0.8"

moment-timezone@^0.5.33:
  version "0.5.43"
  resolved "https://registry.yarnpkg.com/moment-timezone/-/moment-timezone-0.5.43.tgz#3dd7f3d0c67f78c23cd1906b9b2137a09b3c4790"
  integrity sha512-72j3aNyuIsDxdF1i7CEgV2FfxM1r6aaqJyLB2vwb33mXYyoyLly+F1zbWqhA3/bVIoJ4szlUoMbUnVdid32NUQ==
  dependencies:
    moment "^2.29.4"

moment@^2.29.4:
  version "2.29.4"
  resolved "https://registry.yarnpkg.com/moment/-/moment-2.29.4.tgz#3dbe052889fe7c1b2ed966fcb3a77328964ef108"
  integrity sha512-5LC9SOxjSc2HF6vO2CyuTDNivEdoz2IvyJJGj6X8DJ0eFyfszE0QiEd+iXmBvUP3WHxSjFH/vIsA0EN00cgr8w==

nanoid@^3.3.6:
  version "3.3.6"
  resolved "https://registry.yarnpkg.com/nanoid/-/nanoid-3.3.6.tgz#443380c856d6e9f9824267d960b4236ad583ea4c"
  integrity sha512-BGcqMMJuToF7i1rt+2PWSNVnWIkGCU78jBG3RxO/bZlnZPK2Cmi2QaffxGO/2RvWi9sL+FAiRiXMgsyxQ1DIDA==

pbf@^3.2.1:
  version "3.2.1"
  resolved "https://registry.yarnpkg.com/pbf/-/pbf-3.2.1.tgz#b4c1b9e72af966cd82c6531691115cc0409ffe2a"
  integrity sha512-ClrV7pNOn7rtmoQVF4TS1vyU0WhYRnP92fzbfF75jAIwpnzdJXf8iTd4CMEqO4yUenH6NDqLiwjqlh6QgZzgLQ==
  dependencies:
    ieee754 "^1.1.12"
    resolve-protobuf-schema "^2.1.0"

picocolors@^1.0.0:
  version "1.0.0"
  resolved "https://registry.yarnpkg.com/picocolors/-/picocolors-1.0.0.tgz#cb5bdc74ff3f51892236eaf79d68bc44564ab81c"
  integrity sha512-1fygroTLlHu66zi26VoTDv8yRgm0Fccecssto+MhsZ0D/DGW2sm8E8AjW7NU5VVTRt5GxbeZ5qBuJr+HyLYkjQ==

postcss@^8.4.23:
  version "8.4.24"
  resolved "https://registry.yarnpkg.com/postcss/-/postcss-8.4.24.tgz#f714dba9b2284be3cc07dbd2fc57ee4dc972d2df"
  integrity sha512-M0RzbcI0sO/XJNucsGjvWU9ERWxb/ytp1w6dKtxTKgixdtQDq4rmx/g8W1hnaheq9jgwL/oyEdH5Bc4WwJKMqg==
  dependencies:
    nanoid "^3.3.6"
    picocolors "^1.0.0"
    source-map-js "^1.0.2"

protocol-buffers-schema@^3.3.1:
  version "3.6.0"
  resolved "https://registry.yarnpkg.com/protocol-buffers-schema/-/protocol-buffers-schema-3.6.0.tgz#77bc75a48b2ff142c1ad5b5b90c94cd0fa2efd03"
  integrity sha512-TdDRD+/QNdrCGCE7v8340QyuXd4kIWIgapsE2+n/SaGiSSbomYl4TjHlvIoCWRpE7wFt02EpB35VVA2ImcBVqw==

quadbin@^0.1.9:
  version "0.1.9"
  resolved "https://registry.yarnpkg.com/quadbin/-/quadbin-0.1.9.tgz#322bd5f8b63960ef0a31a8b69863b0a0ab0b2e22"
  integrity sha512-5V6m6+cL/6+uBl3hYL+CWF06rRvlHkIepYKGQjTLYaHhu9InPppql0+0ROiCaOQdz8gPNlgge3glk5Qg1mWOYw==
  dependencies:
    "@mapbox/tile-cover" "3.0.1"

regenerator-runtime@^0.13.11:
  version "0.13.11"
  resolved "https://registry.yarnpkg.com/regenerator-runtime/-/regenerator-runtime-0.13.11.tgz#f6dca3e7ceec20590d07ada785636a90cdca17f9"
  integrity sha512-kY1AZVr2Ra+t+piVaJ4gxaFaReZVH40AKNo7UCX6W+dEwBo/2oZJzqfuN1qLq1oL45o56cPaTXELwrTh8Fpggg==

resolve-protobuf-schema@^2.1.0:
  version "2.1.0"
  resolved "https://registry.yarnpkg.com/resolve-protobuf-schema/-/resolve-protobuf-schema-2.1.0.tgz#9ca9a9e69cf192bbdaf1006ec1973948aa4a3758"
  integrity sha512-kI5ffTiZWmJaS/huM8wZfEMer1eRd7oJQhDuxeCLe3t7N7mX3z94CN0xPxBQxFYQTSNz9T0i+v6inKqSdK8xrQ==
  dependencies:
    protocol-buffers-schema "^3.3.1"

rollup@^3.21.0:
  version "3.23.0"
  resolved "https://registry.yarnpkg.com/rollup/-/rollup-3.23.0.tgz#b8d6146dac4bf058ee817f92820988e9b358b564"
  integrity sha512-h31UlwEi7FHihLe1zbk+3Q7z1k/84rb9BSwmBSr/XjOCEaBJ2YyedQDuM0t/kfOS0IxM+vk1/zI9XxYj9V+NJQ==
  optionalDependencies:
    fsevents "~2.3.2"

rw@1:
  version "1.3.3"
  resolved "https://registry.yarnpkg.com/rw/-/rw-1.3.3.tgz#3f862dfa91ab766b14885ef4d01124bfda074fb4"
  integrity sha512-PdhdWy89SiZogBLaw42zdeqtRJ//zFd2PgQavcICDUgJT5oW10QCRKbJ6bg4r0/UY2M6BWd5tkxuGFRvCkgfHQ==

"safer-buffer@>= 2.1.2 < 3":
  version "2.1.2"
  resolved "https://registry.yarnpkg.com/safer-buffer/-/safer-buffer-2.1.2.tgz#44fa161b0187b9549dd84bb91802f9bd8385cd6a"
  integrity sha512-YZo3K82SD7Riyi0E1EQPojLz7kpepnSQI9IyPbHHg1XXXevb5dJI7tpyN2ADxGcQbHG7vcyRHk0cbwqcQriUtg==

source-map-js@^1.0.2:
  version "1.0.2"
  resolved "https://registry.yarnpkg.com/source-map-js/-/source-map-js-1.0.2.tgz#adbc361d9c62df380125e7f161f71c826f1e490c"
  integrity sha512-R0XvVJ9WusLiqTCEiGCmICCMplcCkIwwR11mOSD9CR5u+IXYdiseeEuXCVAjS54zqwkLcPNnmU4OeJ6tUrWhDw==

sprintf-js@~1.0.2:
  version "1.0.3"
  resolved "https://registry.yarnpkg.com/sprintf-js/-/sprintf-js-1.0.3.tgz#04e6926f662895354f3dd015203633b857297e2c"
  integrity sha512-D9cPgkvLlV3t3IzL0D0YLvGA9Ahk4PcvVwUbN0dSGr1aP0Nrt4AEnTUbuGvquEC0mA64Gqt1fzirlRs5ibXx8g==

strnum@^1.0.5:
  version "1.0.5"
  resolved "https://registry.yarnpkg.com/strnum/-/strnum-1.0.5.tgz#5c4e829fe15ad4ff0d20c3db5ac97b73c9b072db"
  integrity sha512-J8bbNyKKXl5qYcR36TIO8W3mVGVHrmmxsd5PAItGkmyzwJvybiw2IVq5nqd0i4LSNSkB/sx9VHllbfFdr9k1JA==

texture-compressor@^1.0.2:
  version "1.0.2"
  resolved "https://registry.yarnpkg.com/texture-compressor/-/texture-compressor-1.0.2.tgz#b5a54a9e5f9eb884d7c33b149f1f23a429465cd4"
  integrity sha512-dStVgoaQ11mA5htJ+RzZ51ZxIZqNOgWKAIvtjLrW1AliQQLCmrDqNzQZ8Jh91YealQ95DXt4MEduLzJmbs6lig==
  dependencies:
    argparse "^1.0.10"
    image-size "^0.7.4"

tilebelt@^1.0.1:
  version "1.0.1"
  resolved "https://registry.yarnpkg.com/tilebelt/-/tilebelt-1.0.1.tgz#3bbf7113b3fec468efb0d9148f4bb71ef126a21a"
  integrity sha512-cxHzpa5JgsugY9NUVRH43gPaGJw/29LecAn4X7UGOP64+kB8pU4VQ3bIhSyfb5Mk4jDxwl3yk330L/EIhbJ5aw==

typescript@^5.0.2:
  version "5.1.3"
  resolved "https://registry.yarnpkg.com/typescript/-/typescript-5.1.3.tgz#8d84219244a6b40b6fb2b33cc1c062f715b9e826"
  integrity sha512-XH627E9vkeqhlZFQuL+UsyAXEnibT0kWR2FWONlr4sTjvxyJYnyefgrkyECLzM5NenmKzRAy2rR/OlYLA1HkZw==

vite@^4.3.9:
  version "4.3.9"
  resolved "https://registry.yarnpkg.com/vite/-/vite-4.3.9.tgz#db896200c0b1aa13b37cdc35c9e99ee2fdd5f96d"
  integrity sha512-qsTNZjO9NoJNW7KnOrgYwczm0WctJ8m/yqYAMAK9Lxt4SoySUfS5S8ia9K7JHpa3KEeMfyF8LoJ3c5NeBJy6pg==
  dependencies:
    esbuild "^0.17.5"
    postcss "^8.4.23"
    rollup "^3.21.0"
  optionalDependencies:
    fsevents "~2.3.2"

zod@^3.21.4:
  version "3.21.4"
  resolved "https://registry.yarnpkg.com/zod/-/zod-3.21.4.tgz#10882231d992519f0a10b5dd58a38c9dabbb64db"
  integrity sha512-m46AKbrzKVzOzs/DZgVnG5H55N1sv1M8qZU3A8RIKbs3mrACDNeIOeilDymVb2HdmP8uwshOCF4uJ8uM9rCqJw==
